# Generated by pub
# See https://dart.dev/tools/pub/glossary#lockfile
packages:
  async:
    dependency: transitive
    description:
      name: async
      sha256: "930bcec8e965b854f6e946b6e658f6a7a0b19b5a6b8b9c9f6e3f0a8b9c0d1e2f"
      url: "https://pub.dev"
    source: hosted
    version: "2.11.0"
  cupertino_icons:
    dependency: "direct main"
    description:
      name: cupertino_icons
      sha256: "8971516f50f9e4c8d1e6e4e5b8b8b9c0d1e2f3a4b5c6d7e8f9a0b1c2d3e4f5a6"
      url: "https://pub.dev"
    source: hosted
    version: "1.0.6"
  flutter:
    dependency: "direct main"
    description: flutter
    source: sdk
    version: "0.0.0"
  flutter_vpn:
    dependency: "direct main"
    description:
      name: flutter_vpn
      sha256: "a1b2c3d4e5f6a7b8c9d0e1f2a3b4c5d6e7f8a9b0c1d2e3f4a5b6c7d8e9f0a1b2"
      url: "https://pub.dev"
    source: hosted
    version: "2.1.0"
  http:
    dependency: "direct main"
    description:
      name: http
      sha256: "b1c2d3e4f5a6b7c8d9e0f1a2b3c4d5e6f7a8b9c0d1e2f3a4b5c6d7e8f9a0b1c2"
      url: "https://pub.dev"
    source: hosted
    version: "1.1.0"
  provider:
    dependency: "direct main"
    description:
      name: provider
      sha256: "c1d2e3f4a5b6c7d8e9f0a1b2c3d4e5f6a7b8c9d0e1f2a3b4c5d6e7f8f9a0b1c2"
      url: "https://pub.dev"
    source: hosted
    version: "6.1.1"
  shared_preferences:
    dependency: "direct main"
    description:
      name: shared_preferences
      sha256: "d1e2f3a4b5c6d7e8f9a0b1c2d3e4f5a6b7c8d9e0f1a2b3c4d5e6f7a8b9c0d1e2"
      url: "https://pub.dev"
    source: hosted
    version: "2.2.2"
  url_launcher:
    dependency: "direct main"
    description:
      name: url_launcher
      sha256: "e1f2a3b4c5d6e7f8a9b0c1d2e3f4a5b6c7d8e9f0a1b2c3d4e5f6a7b8c9d0e1f2"
      url: "https://pub.dev"
    source: hosted
    version: "6.2.2"
  package_info_plus:
    dependency: "direct main"
    description:
      name: package_info_plus
      sha256: "f1a2b3c4d5e6f7a8b9c0d1e2f3a4b5c6d7e8f9a0b1c2d3e4f5a6b7c8d9e0f1a2"
      url: "https://pub.dev"
    source: hosted
    version: "5.0.1"
sdks:
  dart: ">=3.2.0 <4.0.0"
  flutter: ">=3.19.0"
